// !$*UTF8*$!
{
	archiveVersion = 1;
	classes = {
	};
	objectVersion = 48;
	objects = {

/* Begin PBXBuildFile section */
		521C7E62203CE3C100B352CE /* AppDelegate.swift in Sources */ = {isa = PBXBuildFile; fileRef = 521C7E61203CE3C100B352CE /* AppDelegate.swift */; };
		521C7E64203CE3C100B352CE /* ViewController.swift in Sources */ = {isa = PBXBuildFile; fileRef = 521C7E63203CE3C100B352CE /* ViewController.swift */; };
		521C7E67203CE3C100B352CE /* Main.storyboard in Resources */ = {isa = PBXBuildFile; fileRef = 521C7E65203CE3C100B352CE /* Main.storyboard */; };
		521C7E69203CE3C100B352CE /* Assets.xcassets in Resources */ = {isa = PBXBuildFile; fileRef = 521C7E68203CE3C100B352CE /* Assets.xcassets */; };
		521C7E6C203CE3C100B352CE /* LaunchScreen.storyboard in Resources */ = {isa = PBXBuildFile; fileRef = 521C7E6A203CE3C100B352CE /* LaunchScreen.storyboard */; };
		521C7E74203CE47300B352CE /* DepositViewController.swift in Sources */ = {isa = PBXBuildFile; fileRef = 521C7E73203CE47300B352CE /* DepositViewController.swift */; };
		521C7E76203CE50200B352CE /* WithdrawViewController.swift in Sources */ = {isa = PBXBuildFile; fileRef = 521C7E75203CE50200B352CE /* WithdrawViewController.swift */; };
/* End PBXBuildFile section */

/* Begin PBXFileReference section */
		521C7E5E203CE3C100B352CE /* ATM.app */ = {isa = PBXFileReference; explicitFileType = wrapper.application; includeInIndex = 0; path = ATM.app; sourceTree = BUILT_PRODUCTS_DIR; };
		521C7E61203CE3C100B352CE /* AppDelegate.swift */ = {isa = PBXFileReference; lastKnownFileType = sourcecode.swift; path = AppDelegate.swift; sourceTree = "<group>"; };
		521C7E63203CE3C100B352CE /* ViewController.swift */ = {isa = PBXFileReference; lastKnownFileType = sourcecode.swift; path = ViewController.swift; sourceTree = "<group>"; };
		521C7E66203CE3C100B352CE /* Base */ = {isa = PBXFileReference; lastKnownFileType = file.storyboard; name = Base; path = Base.lproj/Main.storyboard; sourceTree = "<group>"; };
		521C7E68203CE3C100B352CE /* Assets.xcassets */ = {isa = PBXFileReference; lastKnownFileType = folder.assetcatalog; path = Assets.xcassets; sourceTree = "<group>"; };
		521C7E6B203CE3C100B352CE /* Base */ = {isa = PBXFileReference; lastKnownFileType = file.storyboard; name = Base; path = Base.lproj/LaunchScreen.storyboard; sourceTree = "<group>"; };
		521C7E6D203CE3C100B352CE /* Info.plist */ = {isa = PBXFileReference; lastKnownFileType = text.plist.xml; path = Info.plist; sourceTree = "<group>"; };
		521C7E73203CE47300B352CE /* DepositViewController.swift */ = {isa = PBXFileReference; lastKnownFileType = sourcecode.swift; path = DepositViewController.swift; sourceTree = "<group>"; };
		521C7E75203CE50200B352CE /* WithdrawViewController.swift */ = {isa = PBXFileReference; lastKnownFileType = sourcecode.swift; path = WithdrawViewController.swift; sourceTree = "<group>"; };
/* End PBXFileReference section */

/* Begin PBXFrameworksBuildPhase section */
		521C7E5B203CE3C100B352CE /* Frameworks */ = {
			isa = PBXFrameworksBuildPhase;
			buildActionMask = 2147483647;
			files = (
			);
			runOnlyForDeploymentPostprocessing = 0;
		};
/* End PBXFrameworksBuildPhase section */

/* Begin PBXGroup section */
		521C7E55203CE3C100B352CE = {
			isa = PBXGroup;
			children = (
				521C7E60203CE3C100B352CE /* ATM */,
				521C7E5F203CE3C100B352CE /* Products */,
			);
			sourceTree = "<group>";
		};
		521C7E5F203CE3C100B352CE /* Products */ = {
			isa = PBXGroup;
			children = (
				521C7E5E203CE3C100B352CE /* ATM.app */,
			);
			name = Products;
			sourceTree = "<group>";
		};
		521C7E60203CE3C100B352CE /* ATM */ = {
			isa = PBXGroup;
			children = (
				521C7E61203CE3C100B352CE /* AppDelegate.swift */,
				521C7E63203CE3C100B352CE /* ViewController.swift */,
				521C7E65203CE3C100B352CE /* Main.storyboard */,
				521C7E75203CE50200B352CE /* WithdrawViewController.swift */,
				521C7E73203CE47300B352CE /* DepositViewController.swift */,
				521C7E68203CE3C100B352CE /* Assets.xcassets */,
				521C7E6A203CE3C100B352CE /* LaunchScreen.storyboard */,
				521C7E6D203CE3C100B352CE /* Info.plist */,
			);
			path = ATM;
			sourceTree = "<group>";
		};
/* End PBXGroup section */

/* Begin PBXNativeTarget section */
		521C7E5D203CE3C100B352CE /* ATM */ = {
			isa = PBXNativeTarget;
			buildConfigurationList = 521C7E70203CE3C100B352CE /* Build configuration list for PBXNativeTarget "ATM" */;
			buildPhases = (
				521C7E5A203CE3C100B352CE /* Sources */,
				521C7E5B203CE3C100B352CE /* Frameworks */,
				521C7E5C203CE3C100B352CE /* Resources */,
			);
			buildRules = (
			);
			dependencies = (
			);
			name = ATM;
			productName = ATM;
			productReference = 521C7E5E203CE3C100B352CE /* ATM.app */;
			productType = "com.apple.product-type.application";
		};
/* End PBXNativeTarget section */

/* Begin PBXProject section */
		521C7E56203CE3C100B352CE /* Project object */ = {
			isa = PBXProject;
			attributes = {
				LastSwiftUpdateCheck = 0910;
				LastUpgradeCheck = 0910;
				ORGANIZATIONNAME = "Cooper Anderson";
				TargetAttributes = {
					521C7E5D203CE3C100B352CE = {
						CreatedOnToolsVersion = 9.1;
						ProvisioningStyle = Automatic;
					};
				};
			};
			buildConfigurationList = 521C7E59203CE3C100B352CE /* Build configuration list for PBXProject "ATM" */;
			compatibilityVersion = "Xcode 8.0";
			developmentRegion = en;
			hasScannedForEncodings = 0;
			knownRegions = (
				en,
				Base,
			);
			mainGroup = 521C7E55203CE3C100B352CE;
			productRefGroup = 521C7E5F203CE3C100B352CE /* Products */;
			projectDirPath = "";
			projectRoot = "";
			targets = (
				521C7E5D203CE3C100B352CE /* ATM */,
			);
		};
/* End PBXProject section */

/* Begin PBXResourcesBuildPhase section */
		521C7E5C203CE3C100B352CE /* Resources */ = {
			isa = PBXResourcesBuildPhase;
			buildActionMask = 2147483647;
			files = (
				521C7E6C203CE3C100B352CE /* LaunchScreen.storyboard in Resources */,
				521C7E69203CE3C100B352CE /* Assets.xcassets in Resources */,
				521C7E67203CE3C100B352CE /* Main.storyboard in Resources */,
			);
			runOnlyForDeploymentPostprocessing = 0;
		};
/* End PBXResourcesBuildPhase section */

/* Begin PBXSourcesBuildPhase section */
		521C7E5A203CE3C100B352CE /* Sources */ = {
			isa = PBXSourcesBuildPhase;
			buildActionMask = 2147483647;
			files = (
				521C7E76203CE50200B352CE /* WithdrawViewController.swift in Sources */,
				521C7E64203CE3C100B352CE /* ViewController.swift in Sources */,
				521C7E74203CE47300B352CE /* DepositViewController.swift in Sources */,
				521C7E62203CE3C100B352CE /* AppDelegate.swift in Sources */,
			);
			runOnlyForDeploymentPostprocessing = 0;
		};
/* End PBXSourcesBuildPhase section */

/* Begin PBXVariantGroup section */
		521C7E65203CE3C100B352CE /* Main.storyboard */ = {
			isa = PBXVariantGroup;
			children = (
				521C7E66203CE3C100B352CE /* Base */,
			);
			name = Main.storyboard;
			sourceTree = "<group>";
		};
		521C7E6A203CE3C100B352CE /* LaunchScreen.storyboard */ = {
			isa = PBXVariantGroup;
			children = (
				521C7E6B203CE3C100B352CE /* Base */,
			);
			name = LaunchScreen.storyboard;
			sourceTree = "<group>";
		};
/* End PBXVariantGroup section */

/* Begin XCBuildConfiguration section */
		521C7E6E203CE3C100B352CE /* Debug */ = {
			isa = XCBuildConfiguration;
			buildSettings = {
				ALWAYS_SEARCH_USER_PATHS = NO;
				CLANG_ANALYZER_NONNULL = YES;
				CLANG_ANALYZER_NUMBER_OBJECT_CONVERSION = YES_AGGRESSIVE;
				CLANG_CXX_LANGUAGE_STANDARD = "gnu++14";
				CLANG_CXX_LIBRARY = "libc++";
				CLANG_ENABLE_MODULES = YES;
				CLANG_ENABLE_OBJC_ARC = YES;
				CLANG_WARN_BLOCK_CAPTURE_AUTORELEASING = YES;
				CLANG_WARN_BOOL_CONVERSION = YES;
				CLANG_WARN_COMMA = YES;
				CLANG_WARN_CONSTANT_CONVERSION = YES;
				CLANG_WARN_DIRECT_OBJC_ISA_USAGE = YES_ERROR;
				CLANG_WARN_DOCUMENTATION_COMMENTS = YES;
				CLANG_WARN_EMPTY_BODY = YES;
				CLANG_WARN_ENUM_CONVERSION = YES;
				CLANG_WARN_INFINITE_RECURSION = YES;
				CLANG_WARN_INT_CONVERSION = YES;
				CLANG_WARN_NON_LITERAL_NULL_CONVERSION = YES;
				CLANG_WARN_OBJC_LITERAL_CONVERSION = YES;
				CLANG_WARN_OBJC_ROOT_CLASS = YES_ERROR;
				CLANG_WARN_RANGE_LOOP_ANALYSIS = YES;
				CLANG_WARN_STRICT_PROTOTYPES = YES;
				CLANG_WARN_SUSPICIOUS_MOVE = YES;
				CLANG_WARN_UNGUARDED_AVAILABILITY = YES_AGGRESSIVE;
				CLANG_WARN_UNREACHABLE_CODE = YES;
				CLANG_WARN__DUPLICATE_METHOD_MATCH = YES;
				CODE_SIGN_IDENTITY = "iPhone Developer";
				COPY_PHASE_STRIP = NO;
				DEBUG_INFORMATION_FORMAT = dwarf;
				ENABLE_STRICT_OBJC_MSGSEND = YES;
				ENABLE_TESTABILITY = YES;
				GCC_C_LANGUAGE_STANDARD = gnu11;
				GCC_DYNAMIC_NO_PIC = NO;
				GCC_NO_COMMON_BLOCKS = YES;
				GCC_OPTIMIZATION_LEVEL = 0;
				GCC_PREPROCESSOR_DEFINITIONS = (
					"DEBUG=1",
					"$(inherited)",
				);
				GCC_WARN_64_TO_32_BIT_CONVERSION = YES;
				GCC_WARN_ABOUT_RETURN_TYPE = YES_ERROR;
				GCC_WARN_UNDECLARED_SELECTOR = YES;
				GCC_WARN_UNINITIALIZED_AUTOS = YES_AGGRESSIVE;
				GCC_WARN_UNUSED_FUNCTION = YES;
				GCC_WARN_UNUSED_VARIABLE = YES;
				IPHONEOS_DEPLOYMENT_TARGET = 11.1;
				MTL_ENABLE_DEBUG_INFO = YES;
				ONLY_ACTIVE_ARCH = YES;
				SDKROOT = iphoneos;
				SWIFT_ACTIVE_COMPILATION_CONDITIONS = DEBUG;
				SWIFT_OPTIMIZATION_LEVEL = "-Onone";
			};
			name = Debug;
		};
		521C7E6F203CE3C100B352CE /* Release */ = {
			isa = XCBuildConfiguration;
			buildSettings = {
				ALWAYS_SEARCH_USER_PATHS = NO;
				CLANG_ANALYZER_NONNULL = YES;
				CLANG_ANALYZER_NUMBER_OBJECT_CONVERSION = YES_AGGRESSIVE;
				CLANG_CXX_LANGUAGE_STANDARD = "gnu++14";
				CLANG_CXX_LIBRARY = "libc++";
				CLANG_ENABLE_MODULES = YES;
				CLANG_ENABLE_OBJC_ARC = YES;
				CLANG_WARN_BLOCK_CAPTURE_AUTORELEASING = YES;
				CLANG_WARN_BOOL_CONVERSION = YES;
				CLANG_WARN_COMMA = YES;
				CLANG_WARN_CONSTANT_CONVERSION = YES;
				CLANG_WARN_DIRECT_OBJC_ISA_USAGE = YES_ERROR;
				CLANG_WARN_DOCUMENTATION_COMMENTS = YES;
				CLANG_WARN_EMPTY_BODY = YES;
				CLANG_WARN_ENUM_CONVERSION = YES;
				CLANG_WARN_INFINITE_RECURSION = YES;
				CLANG_WARN_INT_CONVERSION = YES;
				CLANG_WARN_NON_LITERAL_NULL_CONVERSION = YES;
				CLANG_WARN_OBJC_LITERAL_CONVERSION = YES;
				CLANG_WARN_OBJC_ROOT_CLASS = YES_ERROR;
				CLANG_WARN_RANGE_LOOP_ANALYSIS = YES;
				CLANG_WARN_STRICT_PROTOTYPES = YES;
				CLANG_WARN_SUSPICIOUS_MOVE = YES;
				CLANG_WARN_UNGUARDED_AVAILABILITY = YES_AGGRESSIVE;
				CLANG_WARN_UNREACHABLE_CODE = YES;
				CLANG_WARN__DUPLICATE_METHOD_MATCH = YES;
				CODE_SIGN_IDENTITY = "iPhone Developer";
				COPY_PHASE_STRIP = NO;
				DEBUG_INFORMATION_FORMAT = "dwarf-with-dsym";
				ENABLE_NS_ASSERTIONS = NO;
				ENABLE_STRICT_OBJC_MSGSEND = YES;
				GCC_C_LANGUAGE_STANDARD = gnu11;
				GCC_NO_COMMON_BLOCKS = YES;
				GCC_WARN_64_TO_32_BIT_CONVERSION = YES;
				GCC_WARN_ABOUT_RETURN_TYPE = YES_ERROR;
				GCC_WARN_UNDECLARED_SELECTOR = YES;
				GCC_WARN_UNINITIALIZED_AUTOS = YES_AGGRESSIVE;
				GCC_WARN_UNUSED_FUNCTION = YES;
				GCC_WARN_UNUSED_VARIABLE = YES;
				IPHONEOS_DEPLOYMENT_TARGET = 11.1;
				MTL_ENABLE_DEBUG_INFO = NO;
				SDKROOT = iphoneos;
				SWIFT_OPTIMIZATION_LEVEL = "-Owholemodule";
				VALIDATE_PRODUCT = YES;
			};
			name = Release;
		};
		521C7E71203CE3C100B352CE /* Debug */ = {
			isa = XCBuildConfiguration;
			buildSettings = {
				ASSETCATALOG_COMPILER_APPICON_NAME = AppIcon;
				CODE_SIGN_STYLE = Automatic;
				INFOPLIST_FILE = ATM/Info.plist;
				LD_RUNPATH_SEARCH_PATHS = "$(inherited) @executable_path/Frameworks";
				PRODUCT_BUNDLE_IDENTIFIER = "cooper-anderson.ATM";
				PRODUCT_NAME = "$(TARGET_NAME)";
				SWIFT_VERSION = 4.0;
				TARGETED_DEVICE_FAMILY = "1,2";
			};
			name = Debug;
		};
		521C7E72203CE3C100B352CE /* Release */ = {
			isa = XCBuildConfiguration;
			buildSettings = {
				ASSETCATALOG_COMPILER_APPICON_NAME = AppIcon;
				CODE_SIGN_STYLE = Automatic;
				INFOPLIST_FILE = ATM/Info.plist;
				LD_RUNPATH_SEARCH_PATHS = "$(inherited) @executable_path/Frameworks";
				PRODUCT_BUNDLE_IDENTIFIER = "cooper-anderson.ATM";
				PRODUCT_NAME = "$(TARGET_NAME)";
				SWIFT_VERSION = 4.0;
				TARGETED_DEVICE_FAMILY = "1,2";
			};
			name = Release;
		};
/* End XCBuildConfiguration section */

/* Begin XCConfigurationList section */
		521C7E59203CE3C100B352CE /* Build configuration list for PBXProject "ATM" */ = {
			isa = XCConfigurationList;
			buildConfigurations = (
				521C7E6E203CE3C100B352CE /* Debug */,
				521C7E6F203CE3C100B352CE /* Release */,
			);
			defaultConfigurationIsVisible = 0;
			defaultConfigurationName = Release;
		};
		521C7E70203CE3C100B352CE /* Build configuration list for PBXNativeTarget "ATM" */ = {
			isa = XCConfigurationList;
			buildConfigurations = (
				521C7E71203CE3C100B352CE /* Debug */,
				521C7E72203CE3C100B352CE /* Release */,
			);
			defaultConfigurationIsVisible = 0;
			defaultConfigurationName = Release;
		};
/* End XCConfigurationList section */
	};
	rootObject = 521C7E56203CE3C100B352CE /* Project object */;
}
